<Solution>
  <Project Path="../../library/HaaS.Adapters/HaaS.Adapters.csproj" />
  <Project Path="../../library/HaaS.Application/HaaS.Application.csproj" />
  <Project Path="../../library/HaaS.Domain/HaaS.Domain.csproj" />
  <Project Path="../../library/HaaS.Infrastructure/HaaS.Infrastructure.csproj" />
  <Project Path="server/HaaS.Host.Web.csproj" />
</Solution>
